{
  "requires": true,
  "lockfileVersion": 1,
  "dependencies": {
    "nativescript-socketio": {
      "version": "3.3.1",
      "resolved": "https://registry.npmjs.org/nativescript-socketio/-/nativescript-socketio-3.3.1.tgz",
      "integrity": "sha512-D6MbMJAy9wjv62ga+oieIv7gxjcGA0CPGORN0VeC31WL/bdZltulu7RMPWY9uAck/4YSDIPoYVY17WGH9AXsIw=="
    }
  }
}
